
Microsoft Visual Studio Solution File, Format Version 12.00
# Visual Studio 15
VisualStudioVersion = 15.0.28307.779
MinimumVisualStudioVersion = 10.0.40219.1
Project("{FAE04EC0-301F-11D3-BF4B-00C04F79EFBC}") = "QRcode generator", "QRcode generator\QRcode generator.csproj", "{E3047218-4031-4B4B-BB60-2CBD4B296D68}"
EndProject
Global
	GlobalSection(SolutionConfigurationPlatforms) = preSolution
		Debug|Any CPU = Debug|Any CPU
		Release|Any CPU = Release|Any CPU
	EndGlobalSection
	GlobalSection(ProjectConfigurationPlatforms) = postSolution
		{E3047218-4031-4B4B-BB60-2CBD4B296D68}.Debug|Any CPU.ActiveCfg = Debug|Any CPU
		{E3047218-4031-4B4B-BB60-2CBD4B296D68}.Debug|Any CPU.Build.0 = Debug|Any CPU
		{E3047218-4031-4B4B-BB60-2CBD4B296D68}.Release|Any CPU.ActiveCfg = Release|Any CPU
		{E3047218-4031-4B4B-BB60-2CBD4B296D68}.Release|Any CPU.Build.0 = Release|Any CPU
	EndGlobalSection
	GlobalSection(SolutionProperties) = preSolution
		HideSolutionNode = FALSE
	EndGlobalSection
	GlobalSection(ExtensibilityGlobals) = postSolution
		SolutionGuid = {5019A76C-1618-41C4-A1B8-F775129E66EC}
	EndGlobalSection
EndGlobal
